// !$*UTF8*$!
{
	archiveVersion = 1;
	classes = {
	};
	objectVersion = 46;
	objects = {

/* Begin PBXBuildFile section */
		81FDD1371CC7F9B600D1D407 /* main.m in Sources */ = {isa = PBXBuildFile; fileRef = 81FDD1361CC7F9B600D1D407 /* main.m */; };
		81FDD13A1CC7F9B600D1D407 /* AppDelegate.m in Sources */ = {isa = PBXBuildFile; fileRef = 81FDD1391CC7F9B600D1D407 /* AppDelegate.m */; };
		81FDD13D1CC7F9B600D1D407 /* CalculatorViewController.m in Sources */ = {isa = PBXBuildFile; fileRef = 81FDD13C1CC7F9B600D1D407 /* CalculatorViewController.m */; };
		81FDD1421CC7F9B600D1D407 /* Assets.xcassets in Resources */ = {isa = PBXBuildFile; fileRef = 81FDD1411CC7F9B600D1D407 /* Assets.xcassets */; };
		81FDD1451CC7F9B600D1D407 /* LaunchScreen.storyboard in Resources */ = {isa = PBXBuildFile; fileRef = 81FDD1431CC7F9B600D1D407 /* LaunchScreen.storyboard */; };
		81FDD1501CC7F9B600D1D407 /* calculatorTests.m in Sources */ = {isa = PBXBuildFile; fileRef = 81FDD14F1CC7F9B600D1D407 /* calculatorTests.m */; };
		81FDD15B1CC7F9B600D1D407 /* calculatorUITests.m in Sources */ = {isa = PBXBuildFile; fileRef = 81FDD15A1CC7F9B600D1D407 /* calculatorUITests.m */; };
		81FDD16C1CC7FD3B00D1D407 /* CalculatorButton.m in Sources */ = {isa = PBXBuildFile; fileRef = 81FDD16B1CC7FD3B00D1D407 /* CalculatorButton.m */; };
/* End PBXBuildFile section */

/* Begin PBXContainerItemProxy section */
		81FDD14C1CC7F9B600D1D407 /* PBXContainerItemProxy */ = {
			isa = PBXContainerItemProxy;
			containerPortal = 81FDD12A1CC7F9B600D1D407 /* Project object */;
			proxyType = 1;
			remoteGlobalIDString = 81FDD1311CC7F9B600D1D407;
			remoteInfo = calculator;
		};
		81FDD1571CC7F9B600D1D407 /* PBXContainerItemProxy */ = {
			isa = PBXContainerItemProxy;
			containerPortal = 81FDD12A1CC7F9B600D1D407 /* Project object */;
			proxyType = 1;
			remoteGlobalIDString = 81FDD1311CC7F9B600D1D407;
			remoteInfo = calculator;
		};
/* End PBXContainerItemProxy section */

/* Begin PBXFileReference section */
		81FDD1321CC7F9B600D1D407 /* calculator.app */ = {isa = PBXFileReference; explicitFileType = wrapper.application; includeInIndex = 0; path = calculator.app; sourceTree = BUILT_PRODUCTS_DIR; };
		81FDD1361CC7F9B600D1D407 /* main.m */ = {isa = PBXFileReference; lastKnownFileType = sourcecode.c.objc; path = main.m; sourceTree = "<group>"; };
		81FDD1381CC7F9B600D1D407 /* AppDelegate.h */ = {isa = PBXFileReference; lastKnownFileType = sourcecode.c.h; path = AppDelegate.h; sourceTree = "<group>"; };
		81FDD1391CC7F9B600D1D407 /* AppDelegate.m */ = {isa = PBXFileReference; lastKnownFileType = sourcecode.c.objc; path = AppDelegate.m; sourceTree = "<group>"; };
		81FDD13B1CC7F9B600D1D407 /* CalculatorViewController.h */ = {isa = PBXFileReference; lastKnownFileType = sourcecode.c.h; path = CalculatorViewController.h; sourceTree = "<group>"; };
		81FDD13C1CC7F9B600D1D407 /* CalculatorViewController.m */ = {isa = PBXFileReference; lastKnownFileType = sourcecode.c.objc; path = CalculatorViewController.m; sourceTree = "<group>"; };
		81FDD1411CC7F9B600D1D407 /* Assets.xcassets */ = {isa = PBXFileReference; lastKnownFileType = folder.assetcatalog; path = Assets.xcassets; sourceTree = "<group>"; };
		81FDD1441CC7F9B600D1D407 /* Base */ = {isa = PBXFileReference; lastKnownFileType = file.storyboard; name = Base; path = Base.lproj/LaunchScreen.storyboard; sourceTree = "<group>"; };
		81FDD1461CC7F9B600D1D407 /* Info.plist */ = {isa = PBXFileReference; lastKnownFileType = text.plist.xml; path = Info.plist; sourceTree = "<group>"; };
		81FDD14B1CC7F9B600D1D407 /* calculatorTests.xctest */ = {isa = PBXFileReference; explicitFileType = wrapper.cfbundle; includeInIndex = 0; path = calculatorTests.xctest; sourceTree = BUILT_PRODUCTS_DIR; };
		81FDD14F1CC7F9B600D1D407 /* calculatorTests.m */ = {isa = PBXFileReference; lastKnownFileType = sourcecode.c.objc; path = calculatorTests.m; sourceTree = "<group>"; };
		81FDD1511CC7F9B600D1D407 /* Info.plist */ = {isa = PBXFileReference; lastKnownFileType = text.plist.xml; path = Info.plist; sourceTree = "<group>"; };
		81FDD1561CC7F9B600D1D407 /* calculatorUITests.xctest */ = {isa = PBXFileReference; explicitFileType = wrapper.cfbundle; includeInIndex = 0; path = calculatorUITests.xctest; sourceTree = BUILT_PRODUCTS_DIR; };
		81FDD15A1CC7F9B600D1D407 /* calculatorUITests.m */ = {isa = PBXFileReference; lastKnownFileType = sourcecode.c.objc; path = calculatorUITests.m; sourceTree = "<group>"; };
		81FDD15C1CC7F9B600D1D407 /* Info.plist */ = {isa = PBXFileReference; lastKnownFileType = text.plist.xml; path = Info.plist; sourceTree = "<group>"; };
		81FDD16A1CC7FD3B00D1D407 /* CalculatorButton.h */ = {isa = PBXFileReference; fileEncoding = 4; lastKnownFileType = sourcecode.c.h; path = CalculatorButton.h; sourceTree = "<group>"; };
		81FDD16B1CC7FD3B00D1D407 /* CalculatorButton.m */ = {isa = PBXFileReference; fileEncoding = 4; lastKnownFileType = sourcecode.c.objc; path = CalculatorButton.m; sourceTree = "<group>"; };
/* End PBXFileReference section */

/* Begin PBXFrameworksBuildPhase section */
		81FDD12F1CC7F9B600D1D407 /* Frameworks */ = {
			isa = PBXFrameworksBuildPhase;
			buildActionMask = 2147483647;
			files = (
			);
			runOnlyForDeploymentPostprocessing = 0;
		};
		81FDD1481CC7F9B600D1D407 /* Frameworks */ = {
			isa = PBXFrameworksBuildPhase;
			buildActionMask = 2147483647;
			files = (
			);
			runOnlyForDeploymentPostprocessing = 0;
		};
		81FDD1531CC7F9B600D1D407 /* Frameworks */ = {
			isa = PBXFrameworksBuildPhase;
			buildActionMask = 2147483647;
			files = (
			);
			runOnlyForDeploymentPostprocessing = 0;
		};
/* End PBXFrameworksBuildPhase section */

/* Begin PBXGroup section */
		81FDD1291CC7F9B600D1D407 = {
			isa = PBXGroup;
			children = (
				81FDD1341CC7F9B600D1D407 /* calculator */,
				81FDD14E1CC7F9B600D1D407 /* calculatorTests */,
				81FDD1591CC7F9B600D1D407 /* calculatorUITests */,
				81FDD1331CC7F9B600D1D407 /* Products */,
			);
			sourceTree = "<group>";
		};
		81FDD1331CC7F9B600D1D407 /* Products */ = {
			isa = PBXGroup;
			children = (
				81FDD1321CC7F9B600D1D407 /* calculator.app */,
				81FDD14B1CC7F9B600D1D407 /* calculatorTests.xctest */,
				81FDD1561CC7F9B600D1D407 /* calculatorUITests.xctest */,
			);
			name = Products;
			sourceTree = "<group>";
		};
		81FDD1341CC7F9B600D1D407 /* calculator */ = {
			isa = PBXGroup;
			children = (
				81FDD1691CC7FCBA00D1D407 /* Custom UI Elements */,
				81FDD1681CC7FA0800D1D407 /* View Controllers */,
				81FDD1381CC7F9B600D1D407 /* AppDelegate.h */,
				81FDD1391CC7F9B600D1D407 /* AppDelegate.m */,
				81FDD1411CC7F9B600D1D407 /* Assets.xcassets */,
				81FDD1431CC7F9B600D1D407 /* LaunchScreen.storyboard */,
				81FDD1461CC7F9B600D1D407 /* Info.plist */,
				81FDD1351CC7F9B600D1D407 /* Supporting Files */,
			);
			path = calculator;
			sourceTree = "<group>";
		};
		81FDD1351CC7F9B600D1D407 /* Supporting Files */ = {
			isa = PBXGroup;
			children = (
				81FDD1361CC7F9B600D1D407 /* main.m */,
			);
			name = "Supporting Files";
			sourceTree = "<group>";
		};
		81FDD14E1CC7F9B600D1D407 /* calculatorTests */ = {
			isa = PBXGroup;
			children = (
				81FDD14F1CC7F9B600D1D407 /* calculatorTests.m */,
				81FDD1511CC7F9B600D1D407 /* Info.plist */,
			);
			path = calculatorTests;
			sourceTree = "<group>";
		};
		81FDD1591CC7F9B600D1D407 /* calculatorUITests */ = {
			isa = PBXGroup;
			children = (
				81FDD15A1CC7F9B600D1D407 /* calculatorUITests.m */,
				81FDD15C1CC7F9B600D1D407 /* Info.plist */,
			);
			path = calculatorUITests;
			sourceTree = "<group>";
		};
		81FDD1681CC7FA0800D1D407 /* View Controllers */ = {
			isa = PBXGroup;
			children = (
				81FDD13B1CC7F9B600D1D407 /* CalculatorViewController.h */,
				81FDD13C1CC7F9B600D1D407 /* CalculatorViewController.m */,
			);
			name = "View Controllers";
			sourceTree = "<group>";
		};
		81FDD1691CC7FCBA00D1D407 /* Custom UI Elements */ = {
			isa = PBXGroup;
			children = (
				81FDD16A1CC7FD3B00D1D407 /* CalculatorButton.h */,
				81FDD16B1CC7FD3B00D1D407 /* CalculatorButton.m */,
			);
			name = "Custom UI Elements";
			sourceTree = "<group>";
		};
/* End PBXGroup section */

/* Begin PBXNativeTarget section */
		81FDD1311CC7F9B600D1D407 /* calculator */ = {
			isa = PBXNativeTarget;
			buildConfigurationList = 81FDD15F1CC7F9B600D1D407 /* Build configuration list for PBXNativeTarget "calculator" */;
			buildPhases = (
				81FDD12E1CC7F9B600D1D407 /* Sources */,
				81FDD12F1CC7F9B600D1D407 /* Frameworks */,
				81FDD1301CC7F9B600D1D407 /* Resources */,
			);
			buildRules = (
			);
			dependencies = (
			);
			name = calculator;
			productName = calculator;
			productReference = 81FDD1321CC7F9B600D1D407 /* calculator.app */;
			productType = "com.apple.product-type.application";
		};
		81FDD14A1CC7F9B600D1D407 /* calculatorTests */ = {
			isa = PBXNativeTarget;
			buildConfigurationList = 81FDD1621CC7F9B600D1D407 /* Build configuration list for PBXNativeTarget "calculatorTests" */;
			buildPhases = (
				81FDD1471CC7F9B600D1D407 /* Sources */,
				81FDD1481CC7F9B600D1D407 /* Frameworks */,
				81FDD1491CC7F9B600D1D407 /* Resources */,
			);
			buildRules = (
			);
			dependencies = (
				81FDD14D1CC7F9B600D1D407 /* PBXTargetDependency */,
			);
			name = calculatorTests;
			productName = calculatorTests;
			productReference = 81FDD14B1CC7F9B600D1D407 /* calculatorTests.xctest */;
			productType = "com.apple.product-type.bundle.unit-test";
		};
		81FDD1551CC7F9B600D1D407 /* calculatorUITests */ = {
			isa = PBXNativeTarget;
			buildConfigurationList = 81FDD1651CC7F9B600D1D407 /* Build configuration list for PBXNativeTarget "calculatorUITests" */;
			buildPhases = (
				81FDD1521CC7F9B600D1D407 /* Sources */,
				81FDD1531CC7F9B600D1D407 /* Frameworks */,
				81FDD1541CC7F9B600D1D407 /* Resources */,
			);
			buildRules = (
			);
			dependencies = (
				81FDD1581CC7F9B600D1D407 /* PBXTargetDependency */,
			);
			name = calculatorUITests;
			productName = calculatorUITests;
			productReference = 81FDD1561CC7F9B600D1D407 /* calculatorUITests.xctest */;
			productType = "com.apple.product-type.bundle.ui-testing";
		};
/* End PBXNativeTarget section */

/* Begin PBXProject section */
		81FDD12A1CC7F9B600D1D407 /* Project object */ = {
			isa = PBXProject;
			attributes = {
				LastUpgradeCheck = 0730;
				ORGANIZATIONNAME = kairos;
				TargetAttributes = {
					81FDD1311CC7F9B600D1D407 = {
						CreatedOnToolsVersion = 7.3;
					};
					81FDD14A1CC7F9B600D1D407 = {
						CreatedOnToolsVersion = 7.3;
						TestTargetID = 81FDD1311CC7F9B600D1D407;
					};
					81FDD1551CC7F9B600D1D407 = {
						CreatedOnToolsVersion = 7.3;
						TestTargetID = 81FDD1311CC7F9B600D1D407;
					};
				};
			};
			buildConfigurationList = 81FDD12D1CC7F9B600D1D407 /* Build configuration list for PBXProject "calculator" */;
			compatibilityVersion = "Xcode 3.2";
			developmentRegion = English;
			hasScannedForEncodings = 0;
			knownRegions = (
				en,
				Base,
			);
			mainGroup = 81FDD1291CC7F9B600D1D407;
			productRefGroup = 81FDD1331CC7F9B600D1D407 /* Products */;
			projectDirPath = "";
			projectRoot = "";
			targets = (
				81FDD1311CC7F9B600D1D407 /* calculator */,
				81FDD14A1CC7F9B600D1D407 /* calculatorTests */,
				81FDD1551CC7F9B600D1D407 /* calculatorUITests */,
			);
		};
/* End PBXProject section */

/* Begin PBXResourcesBuildPhase section */
		81FDD1301CC7F9B600D1D407 /* Resources */ = {
			isa = PBXResourcesBuildPhase;
			buildActionMask = 2147483647;
			files = (
				81FDD1451CC7F9B600D1D407 /* LaunchScreen.storyboard in Resources */,
				81FDD1421CC7F9B600D1D407 /* Assets.xcassets in Resources */,
			);
			runOnlyForDeploymentPostprocessing = 0;
		};
		81FDD1491CC7F9B600D1D407 /* Resources */ = {
			isa = PBXResourcesBuildPhase;
			buildActionMask = 2147483647;
			files = (
			);
			runOnlyForDeploymentPostprocessing = 0;
		};
		81FDD1541CC7F9B600D1D407 /* Resources */ = {
			isa = PBXResourcesBuildPhase;
			buildActionMask = 2147483647;
			files = (
			);
			runOnlyForDeploymentPostprocessing = 0;
		};
/* End PBXResourcesBuildPhase section */

/* Begin PBXSourcesBuildPhase section */
		81FDD12E1CC7F9B600D1D407 /* Sources */ = {
			isa = PBXSourcesBuildPhase;
			buildActionMask = 2147483647;
			files = (
				81FDD13D1CC7F9B600D1D407 /* CalculatorViewController.m in Sources */,
				81FDD13A1CC7F9B600D1D407 /* AppDelegate.m in Sources */,
				81FDD1371CC7F9B600D1D407 /* main.m in Sources */,
				81FDD16C1CC7FD3B00D1D407 /* CalculatorButton.m in Sources */,
			);
			runOnlyForDeploymentPostprocessing = 0;
		};
		81FDD1471CC7F9B600D1D407 /* Sources */ = {
			isa = PBXSourcesBuildPhase;
			buildActionMask = 2147483647;
			files = (
				81FDD1501CC7F9B600D1D407 /* calculatorTests.m in Sources */,
			);
			runOnlyForDeploymentPostprocessing = 0;
		};
		81FDD1521CC7F9B600D1D407 /* Sources */ = {
			isa = PBXSourcesBuildPhase;
			buildActionMask = 2147483647;
			files = (
				81FDD15B1CC7F9B600D1D407 /* calculatorUITests.m in Sources */,
			);
			runOnlyForDeploymentPostprocessing = 0;
		};
/* End PBXSourcesBuildPhase section */

/* Begin PBXTargetDependency section */
		81FDD14D1CC7F9B600D1D407 /* PBXTargetDependency */ = {
			isa = PBXTargetDependency;
			target = 81FDD1311CC7F9B600D1D407 /* calculator */;
			targetProxy = 81FDD14C1CC7F9B600D1D407 /* PBXContainerItemProxy */;
		};
		81FDD1581CC7F9B600D1D407 /* PBXTargetDependency */ = {
			isa = PBXTargetDependency;
			target = 81FDD1311CC7F9B600D1D407 /* calculator */;
			targetProxy = 81FDD1571CC7F9B600D1D407 /* PBXContainerItemProxy */;
		};
/* End PBXTargetDependency section */

/* Begin PBXVariantGroup section */
		81FDD1431CC7F9B600D1D407 /* LaunchScreen.storyboard */ = {
			isa = PBXVariantGroup;
			children = (
				81FDD1441CC7F9B600D1D407 /* Base */,
			);
			name = LaunchScreen.storyboard;
			sourceTree = "<group>";
		};
/* End PBXVariantGroup section */

/* Begin XCBuildConfiguration section */
		81FDD15D1CC7F9B600D1D407 /* Debug */ = {
			isa = XCBuildConfiguration;
			buildSettings = {
				ALWAYS_SEARCH_USER_PATHS = NO;
				CLANG_ANALYZER_NONNULL = YES;
				CLANG_CXX_LANGUAGE_STANDARD = "gnu++0x";
				CLANG_CXX_LIBRARY = "libc++";
				CLANG_ENABLE_MODULES = YES;
				CLANG_ENABLE_OBJC_ARC = YES;
				CLANG_WARN_BOOL_CONVERSION = YES;
				CLANG_WARN_CONSTANT_CONVERSION = YES;
				CLANG_WARN_DIRECT_OBJC_ISA_USAGE = YES_ERROR;
				CLANG_WARN_EMPTY_BODY = YES;
				CLANG_WARN_ENUM_CONVERSION = YES;
				CLANG_WARN_INT_CONVERSION = YES;
				CLANG_WARN_OBJC_ROOT_CLASS = YES_ERROR;
				CLANG_WARN_UNREACHABLE_CODE = YES;
				CLANG_WARN__DUPLICATE_METHOD_MATCH = YES;
				"CODE_SIGN_IDENTITY[sdk=iphoneos*]" = "iPhone Developer";
				COPY_PHASE_STRIP = NO;
				DEBUG_INFORMATION_FORMAT = dwarf;
				ENABLE_STRICT_OBJC_MSGSEND = YES;
				ENABLE_TESTABILITY = YES;
				GCC_C_LANGUAGE_STANDARD = gnu99;
				GCC_DYNAMIC_NO_PIC = NO;
				GCC_NO_COMMON_BLOCKS = YES;
				GCC_OPTIMIZATION_LEVEL = 0;
				GCC_PREPROCESSOR_DEFINITIONS = (
					"DEBUG=1",
					"$(inherited)",
				);
				GCC_WARN_64_TO_32_BIT_CONVERSION = YES;
				GCC_WARN_ABOUT_RETURN_TYPE = YES_ERROR;
				GCC_WARN_UNDECLARED_SELECTOR = YES;
				GCC_WARN_UNINITIALIZED_AUTOS = YES_AGGRESSIVE;
				GCC_WARN_UNUSED_FUNCTION = YES;
				GCC_WARN_UNUSED_VARIABLE = YES;
				IPHONEOS_DEPLOYMENT_TARGET = 9.3;
				MTL_ENABLE_DEBUG_INFO = YES;
				ONLY_ACTIVE_ARCH = YES;
				SDKROOT = iphoneos;
				TARGETED_DEVICE_FAMILY = "1,2";
			};
			name = Debug;
		};
		81FDD15E1CC7F9B600D1D407 /* Release */ = {
			isa = XCBuildConfiguration;
			buildSettings = {
				ALWAYS_SEARCH_USER_PATHS = NO;
				CLANG_ANALYZER_NONNULL = YES;
				CLANG_CXX_LANGUAGE_STANDARD = "gnu++0x";
				CLANG_CXX_LIBRARY = "libc++";
				CLANG_ENABLE_MODULES = YES;
				CLANG_ENABLE_OBJC_ARC = YES;
				CLANG_WARN_BOOL_CONVERSION = YES;
				CLANG_WARN_CONSTANT_CONVERSION = YES;
				CLANG_WARN_DIRECT_OBJC_ISA_USAGE = YES_ERROR;
				CLANG_WARN_EMPTY_BODY = YES;
				CLANG_WARN_ENUM_CONVERSION = YES;
				CLANG_WARN_INT_CONVERSION = YES;
				CLANG_WARN_OBJC_ROOT_CLASS = YES_ERROR;
				CLANG_WARN_UNREACHABLE_CODE = YES;
				CLANG_WARN__DUPLICATE_METHOD_MATCH = YES;
				"CODE_SIGN_IDENTITY[sdk=iphoneos*]" = "iPhone Developer";
				COPY_PHASE_STRIP = NO;
				DEBUG_INFORMATION_FORMAT = "dwarf-with-dsym";
				ENABLE_NS_ASSERTIONS = NO;
				ENABLE_STRICT_OBJC_MSGSEND = YES;
				GCC_C_LANGUAGE_STANDARD = gnu99;
				GCC_NO_COMMON_BLOCKS = YES;
				GCC_WARN_64_TO_32_BIT_CONVERSION = YES;
				GCC_WARN_ABOUT_RETURN_TYPE = YES_ERROR;
				GCC_WARN_UNDECLARED_SELECTOR = YES;
				GCC_WARN_UNINITIALIZED_AUTOS = YES_AGGRESSIVE;
				GCC_WARN_UNUSED_FUNCTION = YES;
				GCC_WARN_UNUSED_VARIABLE = YES;
				IPHONEOS_DEPLOYMENT_TARGET = 9.3;
				MTL_ENABLE_DEBUG_INFO = NO;
				SDKROOT = iphoneos;
				TARGETED_DEVICE_FAMILY = "1,2";
				VALIDATE_PRODUCT = YES;
			};
			name = Release;
		};
		81FDD1601CC7F9B600D1D407 /* Debug */ = {
			isa = XCBuildConfiguration;
			buildSettings = {
				ASSETCATALOG_COMPILER_APPICON_NAME = AppIcon;
				INFOPLIST_FILE = calculator/Info.plist;
				LD_RUNPATH_SEARCH_PATHS = "$(inherited) @executable_path/Frameworks";
				PRODUCT_BUNDLE_IDENTIFIER = com.atoyebs.calculator;
				PRODUCT_NAME = "$(TARGET_NAME)";
			};
			name = Debug;
		};
		81FDD1611CC7F9B600D1D407 /* Release */ = {
			isa = XCBuildConfiguration;
			buildSettings = {
				ASSETCATALOG_COMPILER_APPICON_NAME = AppIcon;
				INFOPLIST_FILE = calculator/Info.plist;
				LD_RUNPATH_SEARCH_PATHS = "$(inherited) @executable_path/Frameworks";
				PRODUCT_BUNDLE_IDENTIFIER = com.atoyebs.calculator;
				PRODUCT_NAME = "$(TARGET_NAME)";
			};
			name = Release;
		};
		81FDD1631CC7F9B600D1D407 /* Debug */ = {
			isa = XCBuildConfiguration;
			buildSettings = {
				BUNDLE_LOADER = "$(TEST_HOST)";
				INFOPLIST_FILE = calculatorTests/Info.plist;
				LD_RUNPATH_SEARCH_PATHS = "$(inherited) @executable_path/Frameworks @loader_path/Frameworks";
				PRODUCT_BUNDLE_IDENTIFIER = com.atoyebs.calculatorTests;
				PRODUCT_NAME = "$(TARGET_NAME)";
				TEST_HOST = "$(BUILT_PRODUCTS_DIR)/calculator.app/calculator";
			};
			name = Debug;
		};
		81FDD1641CC7F9B600D1D407 /* Release */ = {
			isa = XCBuildConfiguration;
			buildSettings = {
				BUNDLE_LOADER = "$(TEST_HOST)";
				INFOPLIST_FILE = calculatorTests/Info.plist;
				LD_RUNPATH_SEARCH_PATHS = "$(inherited) @executable_path/Frameworks @loader_path/Frameworks";
				PRODUCT_BUNDLE_IDENTIFIER = com.atoyebs.calculatorTests;
				PRODUCT_NAME = "$(TARGET_NAME)";
				TEST_HOST = "$(BUILT_PRODUCTS_DIR)/calculator.app/calculator";
			};
			name = Release;
		};
		81FDD1661CC7F9B600D1D407 /* Debug */ = {
			isa = XCBuildConfiguration;
			buildSettings = {
				INFOPLIST_FILE = calculatorUITests/Info.plist;
				LD_RUNPATH_SEARCH_PATHS = "$(inherited) @executable_path/Frameworks @loader_path/Frameworks";
				PRODUCT_BUNDLE_IDENTIFIER = com.atoyebs.calculatorUITests;
				PRODUCT_NAME = "$(TARGET_NAME)";
				TEST_TARGET_NAME = calculator;
			};
			name = Debug;
		};
		81FDD1671CC7F9B600D1D407 /* Release */ = {
			isa = XCBuildConfiguration;
			buildSettings = {
				INFOPLIST_FILE = calculatorUITests/Info.plist;
				LD_RUNPATH_SEARCH_PATHS = "$(inherited) @executable_path/Frameworks @loader_path/Frameworks";
				PRODUCT_BUNDLE_IDENTIFIER = com.atoyebs.calculatorUITests;
				PRODUCT_NAME = "$(TARGET_NAME)";
				TEST_TARGET_NAME = calculator;
			};
			name = Release;
		};
/* End XCBuildConfiguration section */

/* Begin XCConfigurationList section */
		81FDD12D1CC7F9B600D1D407 /* Build configuration list for PBXProject "calculator" */ = {
			isa = XCConfigurationList;
			buildConfigurations = (
				81FDD15D1CC7F9B600D1D407 /* Debug */,
				81FDD15E1CC7F9B600D1D407 /* Release */,
			);
			defaultConfigurationIsVisible = 0;
			defaultConfigurationName = Release;
		};
		81FDD15F1CC7F9B600D1D407 /* Build configuration list for PBXNativeTarget "calculator" */ = {
			isa = XCConfigurationList;
			buildConfigurations = (
				81FDD1601CC7F9B600D1D407 /* Debug */,
				81FDD1611CC7F9B600D1D407 /* Release */,
			);
			defaultConfigurationIsVisible = 0;
		};
		81FDD1621CC7F9B600D1D407 /* Build configuration list for PBXNativeTarget "calculatorTests" */ = {
			isa = XCConfigurationList;
			buildConfigurations = (
				81FDD1631CC7F9B600D1D407 /* Debug */,
				81FDD1641CC7F9B600D1D407 /* Release */,
			);
			defaultConfigurationIsVisible = 0;
		};
		81FDD1651CC7F9B600D1D407 /* Build configuration list for PBXNativeTarget "calculatorUITests" */ = {
			isa = XCConfigurationList;
			buildConfigurations = (
				81FDD1661CC7F9B600D1D407 /* Debug */,
				81FDD1671CC7F9B600D1D407 /* Release */,
			);
			defaultConfigurationIsVisible = 0;
		};
/* End XCConfigurationList section */
	};
	rootObject = 81FDD12A1CC7F9B600D1D407 /* Project object */;
}
